{
  "version": 2,
  "dependencies": {
    "net7.0": {
      "Mediator.Abstractions": {
        "type": "Direct",
        "requested": "[2.1.6, )",
        "resolved": "2.1.6",
        "contentHash": "ThJT5ex+NG2O1H0A2rs0qIxOPjRpynqo/ipfcLD4HBYqnCJDwYJZYbnFQHyou+kCvN19Aq/e4Yp8nM/hLOvFkQ==",
        "dependencies": {
          "Microsoft.Extensions.DependencyInjection.Abstractions": "6.0.0",
          "System.Threading.Tasks.Extensions": "4.5.4"
        }
      },
      "Mediator.SourceGenerator": {
        "type": "Direct",
        "requested": "[2.1.6, )",
        "resolved": "2.1.6",
        "contentHash": "zzL1eQPdWrhsp96j3x8JiAUKlacCt4MexAsDMY/qtgWlC5ghQlGtXPjEda5HkhT5hA+m3zn96gq82ht3C0+kqQ==",
        "dependencies": {
          "Microsoft.Extensions.DependencyInjection": "6.0.0",
          "Microsoft.Extensions.DependencyInjection.Abstractions": "6.0.0"
        }
      },
      "OneOf": {
        "type": "Direct",
        "requested": "[3.0.263, )",
        "resolved": "3.0.263",
        "contentHash": "2xXFnUxkAA0rJ2sJz9FPeW/gzJIBvyj+xIvfTIkz42pz9JlcYse4/rwRnkmCsYxw6osy1whnBO6Ox6HBKEqDMw=="
      },
      "OneOf.SourceGenerator": {
        "type": "Direct",
        "requested": "[3.0.263, )",
        "resolved": "3.0.263",
        "contentHash": "GxgryFHS0Te/Oq0ZBxCXInNefR6tELQcP5g2WUmgoeXALPrvMss8xWyBFyzS2ucLRpQa7pV+ZXhqO+7NPVxtoQ=="
      },
      "Microsoft.Extensions.DependencyInjection": {
        "type": "Transitive",
        "resolved": "6.0.0",
        "contentHash": "k6PWQMuoBDGGHOQTtyois2u4AwyVcIwL2LaSLlTZQm2CYcJ1pxbt6jfAnpWmzENA/wfrYRI/X9DTLoUkE4AsLw==",
        "dependencies": {
          "Microsoft.Extensions.DependencyInjection.Abstractions": "6.0.0",
          "System.Runtime.CompilerServices.Unsafe": "6.0.0"
        }
      },
      "Microsoft.Extensions.DependencyInjection.Abstractions": {
        "type": "Transitive",
        "resolved": "6.0.0",
        "contentHash": "xlzi2IYREJH3/m6+lUrQlujzX8wDitm4QGnUu6kUXTQAWPuZY8i+ticFJbzfqaetLA6KR/rO6Ew/HuYD+bxifg=="
      },
      "System.Runtime.CompilerServices.Unsafe": {
        "type": "Transitive",
        "resolved": "6.0.0",
        "contentHash": "/iUeP3tq1S0XdNNoMz5C9twLSrM/TH+qElHkXWaPvuNOt+99G75NrV0OS2EqHx5wMN7popYjpc8oTjC1y16DLg=="
      },
      "System.Threading.Tasks.Extensions": {
        "type": "Transitive",
        "resolved": "4.5.4",
        "contentHash": "zteT+G8xuGu6mS+mzDzYXbzS7rd3K6Fjb9RiZlYlJPam2/hU7JCBZBVEcywNuR+oZ1ncTvc/cq0faRr3P01OVg=="
      }
    }
  }
}